--- 
dependencies: 
  rails: 
    group: 
    - :default
    version: = 2.2.2
  pg: 
    group: 
    - :production
    version: ">= 0"
  thin: 
    group: 
    - :production
    version: ">= 0"
  aws-s3: 
    group: 
    - :default
    version: = 0.6.2
specs: 
- xml-simple: 
    version: 1.0.12
- activesupport: 
    version: 2.2.2
- builder: 
    version: 2.1.2
- daemons: 
    version: 1.0.10
- actionpack: 
    version: 2.2.2
- actionmailer: 
    version: 2.2.2
- eventmachine: 
    version: 0.12.10
- thin: 
    version: 1.2.7
- rack: 
    version: 1.1.0
- mime-types: 
    version: "1.16"
- aws-s3: 
    version: 0.6.2
- rake: 
    version: 0.8.7
- pg: 
    version: 0.8.0
- activerecord: 
    version: 2.2.2
- activeresource: 
    version: 2.2.2
- rails: 
    version: 2.2.2
hash: 751b76b7b1cafacd5440f3317115143bb087a67d
sources: 
- Rubygems: 
    uri: http://gemcutter.org
